
Microsoft Visual Studio Solution File, Format Version 12.00
# Visual Studio 15
Project("{FAE04EC0-301F-11D3-BF4B-00C04F79EFBC}") = "Assembly-CSharp-firstpass", "Assembly-CSharp-firstpass.csproj", "{2EEBA731-C0D0-F81B-41BB-E8C2ABC8F3B9}"
EndProject
Project("{FAE04EC0-301F-11D3-BF4B-00C04F79EFBC}") = "Unity.XR.Interaction.Toolkit.Samples.StarterAssets", "Unity.XR.Interaction.Toolkit.Samples.StarterAssets.csproj", "{4F63CF29-7700-C73D-3EB5-01B193C1B7A2}"
EndProject
Project("{FAE04EC0-301F-11D3-BF4B-00C04F79EFBC}") = "Assembly-CSharp", "Assembly-CSharp.csproj", "{75EBEC8F-C78F-51BE-46CC-7A9370020EF1}"
EndProject
Project("{FAE04EC0-301F-11D3-BF4B-00C04F79EFBC}") = "Unity.XR.Interaction.Toolkit.Samples.DeviceSimulator", "Unity.XR.Interaction.Toolkit.Samples.DeviceSimulator.csproj", "{2C8CFB09-7232-8262-354C-8C1268EFC6DC}"
EndProject
Project("{FAE04EC0-301F-11D3-BF4B-00C04F79EFBC}") = "Unity.XR.Interaction.Toolkit.Samples.StarterAssets.Editor", "Unity.XR.Interaction.Toolkit.Samples.StarterAssets.Editor.csproj", "{A457D872-9C50-AB55-A695-504321BB94F2}"
EndProject
Project("{FAE04EC0-301F-11D3-BF4B-00C04F79EFBC}") = "Assembly-CSharp-Editor-firstpass", "Assembly-CSharp-Editor-firstpass.csproj", "{DFB87524-8915-7E65-6634-BB0B5F955583}"
EndProject
Global
	GlobalSection(SolutionConfigurationPlatforms) = preSolution
		Debug|Any CPU = Debug|Any CPU
		Release|Any CPU = Release|Any CPU
	EndGlobalSection
	GlobalSection(ProjectConfigurationPlatforms) = postSolution
		{2EEBA731-C0D0-F81B-41BB-E8C2ABC8F3B9}.Debug|Any CPU.ActiveCfg = Debug|Any CPU
		{2EEBA731-C0D0-F81B-41BB-E8C2ABC8F3B9}.Debug|Any CPU.Build.0 = Debug|Any CPU
		{2EEBA731-C0D0-F81B-41BB-E8C2ABC8F3B9}.Release|Any CPU.ActiveCfg = Release|Any CPU
		{2EEBA731-C0D0-F81B-41BB-E8C2ABC8F3B9}.Release|Any CPU.Build.0 = Release|Any CPU
		{4F63CF29-7700-C73D-3EB5-01B193C1B7A2}.Debug|Any CPU.ActiveCfg = Debug|Any CPU
		{4F63CF29-7700-C73D-3EB5-01B193C1B7A2}.Debug|Any CPU.Build.0 = Debug|Any CPU
		{4F63CF29-7700-C73D-3EB5-01B193C1B7A2}.Release|Any CPU.ActiveCfg = Release|Any CPU
		{4F63CF29-7700-C73D-3EB5-01B193C1B7A2}.Release|Any CPU.Build.0 = Release|Any CPU
		{75EBEC8F-C78F-51BE-46CC-7A9370020EF1}.Debug|Any CPU.ActiveCfg = Debug|Any CPU
		{75EBEC8F-C78F-51BE-46CC-7A9370020EF1}.Debug|Any CPU.Build.0 = Debug|Any CPU
		{75EBEC8F-C78F-51BE-46CC-7A9370020EF1}.Release|Any CPU.ActiveCfg = Release|Any CPU
		{75EBEC8F-C78F-51BE-46CC-7A9370020EF1}.Release|Any CPU.Build.0 = Release|Any CPU
		{2C8CFB09-7232-8262-354C-8C1268EFC6DC}.Debug|Any CPU.ActiveCfg = Debug|Any CPU
		{2C8CFB09-7232-8262-354C-8C1268EFC6DC}.Debug|Any CPU.Build.0 = Debug|Any CPU
		{2C8CFB09-7232-8262-354C-8C1268EFC6DC}.Release|Any CPU.ActiveCfg = Release|Any CPU
		{2C8CFB09-7232-8262-354C-8C1268EFC6DC}.Release|Any CPU.Build.0 = Release|Any CPU
		{A457D872-9C50-AB55-A695-504321BB94F2}.Debug|Any CPU.ActiveCfg = Debug|Any CPU
		{A457D872-9C50-AB55-A695-504321BB94F2}.Debug|Any CPU.Build.0 = Debug|Any CPU
		{A457D872-9C50-AB55-A695-504321BB94F2}.Release|Any CPU.ActiveCfg = Release|Any CPU
		{A457D872-9C50-AB55-A695-504321BB94F2}.Release|Any CPU.Build.0 = Release|Any CPU
		{DFB87524-8915-7E65-6634-BB0B5F955583}.Debug|Any CPU.ActiveCfg = Debug|Any CPU
		{DFB87524-8915-7E65-6634-BB0B5F955583}.Debug|Any CPU.Build.0 = Debug|Any CPU
		{DFB87524-8915-7E65-6634-BB0B5F955583}.Release|Any CPU.ActiveCfg = Release|Any CPU
		{DFB87524-8915-7E65-6634-BB0B5F955583}.Release|Any CPU.Build.0 = Release|Any CPU
	EndGlobalSection
	GlobalSection(SolutionProperties) = preSolution
		HideSolutionNode = FALSE
	EndGlobalSection
EndGlobal
